// !$*UTF8*$!
{
	archiveVersion = 1;
	classes = {
	};
	objectVersion = 46;
	objects = {

/* Begin PBXBuildFile section */
		0618A173149E4B4F0084884E /* mainboard.storyboard in Resources */ = {isa = PBXBuildFile; fileRef = 0618A172149E4B4F0084884E /* mainboard.storyboard */; };
		0618A17E149E4DC50084884E /* PasswordkeepListController.m in Sources */ = {isa = PBXBuildFile; fileRef = 0618A17D149E4DC50084884E /* PasswordkeepListController.m */; };
		0625822914A6370800189952 /* PasswordManager.m in Sources */ = {isa = PBXBuildFile; fileRef = 0625822814A6370800189952 /* PasswordManager.m */; };
		0625822C14A6655D00189952 /* PasswordObject.m in Sources */ = {isa = PBXBuildFile; fileRef = 0625822B14A6655D00189952 /* PasswordObject.m */; };
		06509AA014AC4CDD000A13E4 /* SettingsDialog.m in Sources */ = {isa = PBXBuildFile; fileRef = 06509A9F14AC4CDD000A13E4 /* SettingsDialog.m */; };
		06509AA314AEE159000A13E4 /* SettingsObject.m in Sources */ = {isa = PBXBuildFile; fileRef = 06509AA214AEE159000A13E4 /* SettingsObject.m */; };
		06509AA614AFC3DA000A13E4 /* LoginObject.m in Sources */ = {isa = PBXBuildFile; fileRef = 06509AA514AFC3DA000A13E4 /* LoginObject.m */; };
		06509AA814B17538000A13E4 /* iAd.framework in Frameworks */ = {isa = PBXBuildFile; fileRef = 06509AA714B17538000A13E4 /* iAd.framework */; };
		065AE0A114A30D82001C7ABE /* QDPassword.m in Sources */ = {isa = PBXBuildFile; fileRef = 065AE0A014A30D82001C7ABE /* QDPassword.m */; };
		0697D43914B27F4300B2367B /* SafeFinal002.png in Resources */ = {isa = PBXBuildFile; fileRef = 0697D43814B27F4300B2367B /* SafeFinal002.png */; };
		0697D43B14B27F7D00B2367B /* SafeFinal003.png in Resources */ = {isa = PBXBuildFile; fileRef = 0697D43A14B27F7D00B2367B /* SafeFinal003.png */; };
		06DA0DBB14A3091100118886 /* libQuickDialog.a in Frameworks */ = {isa = PBXBuildFile; fileRef = 06DA0DB714A308EC00118886 /* libQuickDialog.a */; };
		06DA8EF214BDC56300D14D16 /* libFlurryAnalytics.a in Frameworks */ = {isa = PBXBuildFile; fileRef = 06DA8EF114BDC56200D14D16 /* libFlurryAnalytics.a */; };
		06F64827149E4ADB0047E294 /* UIKit.framework in Frameworks */ = {isa = PBXBuildFile; fileRef = 06F64826149E4ADB0047E294 /* UIKit.framework */; };
		06F64829149E4ADB0047E294 /* Foundation.framework in Frameworks */ = {isa = PBXBuildFile; fileRef = 06F64828149E4ADB0047E294 /* Foundation.framework */; };
		06F6482B149E4ADB0047E294 /* CoreGraphics.framework in Frameworks */ = {isa = PBXBuildFile; fileRef = 06F6482A149E4ADB0047E294 /* CoreGraphics.framework */; };
		06F6482D149E4ADB0047E294 /* CoreData.framework in Frameworks */ = {isa = PBXBuildFile; fileRef = 06F6482C149E4ADB0047E294 /* CoreData.framework */; };
		06F64833149E4ADB0047E294 /* InfoPlist.strings in Resources */ = {isa = PBXBuildFile; fileRef = 06F64831149E4ADB0047E294 /* InfoPlist.strings */; };
		06F64835149E4ADB0047E294 /* main.m in Sources */ = {isa = PBXBuildFile; fileRef = 06F64834149E4ADB0047E294 /* main.m */; };
		06F64839149E4ADB0047E294 /* AppDelegate.m in Sources */ = {isa = PBXBuildFile; fileRef = 06F64838149E4ADB0047E294 /* AppDelegate.m */; };
		06F6483C149E4ADB0047E294 /* Password_Keep.xcdatamodeld in Sources */ = {isa = PBXBuildFile; fileRef = 06F6483A149E4ADB0047E294 /* Password_Keep.xcdatamodeld */; };
		06F64844149E4ADB0047E294 /* SenTestingKit.framework in Frameworks */ = {isa = PBXBuildFile; fileRef = 06F64843149E4ADB0047E294 /* SenTestingKit.framework */; };
		06F64845149E4ADB0047E294 /* UIKit.framework in Frameworks */ = {isa = PBXBuildFile; fileRef = 06F64826149E4ADB0047E294 /* UIKit.framework */; };
		06F64846149E4ADB0047E294 /* Foundation.framework in Frameworks */ = {isa = PBXBuildFile; fileRef = 06F64828149E4ADB0047E294 /* Foundation.framework */; };
		06F64847149E4ADB0047E294 /* CoreData.framework in Frameworks */ = {isa = PBXBuildFile; fileRef = 06F6482C149E4ADB0047E294 /* CoreData.framework */; };
		06F6484F149E4ADB0047E294 /* InfoPlist.strings in Resources */ = {isa = PBXBuildFile; fileRef = 06F6484D149E4ADB0047E294 /* InfoPlist.strings */; };
		06F64852149E4ADB0047E294 /* Password_KeepTests.m in Sources */ = {isa = PBXBuildFile; fileRef = 06F64851149E4ADB0047E294 /* Password_KeepTests.m */; };
/* End PBXBuildFile section */

/* Begin PBXContainerItemProxy section */
		06DA0DB414A308EC00118886 /* PBXContainerItemProxy */ = {
			isa = PBXContainerItemProxy;
			containerPortal = 06DA0DAB14A308EC00118886 /* QuickDialog.xcodeproj */;
			proxyType = 2;
			remoteGlobalIDString = D80B0E3313E052DF00FA85CA;
			remoteInfo = QuickDialogExample;
		};
		06DA0DB614A308EC00118886 /* PBXContainerItemProxy */ = {
			isa = PBXContainerItemProxy;
			containerPortal = 06DA0DAB14A308EC00118886 /* QuickDialog.xcodeproj */;
			proxyType = 2;
			remoteGlobalIDString = 2C542393145ADEBD0026A152;
			remoteInfo = QuickDialog;
		};
		06DA0DB914A3090500118886 /* PBXContainerItemProxy */ = {
			isa = PBXContainerItemProxy;
			containerPortal = 06DA0DAB14A308EC00118886 /* QuickDialog.xcodeproj */;
			proxyType = 1;
			remoteGlobalIDString = 2C542392145ADEBD0026A152;
			remoteInfo = QuickDialog;
		};
		06F64848149E4ADB0047E294 /* PBXContainerItemProxy */ = {
			isa = PBXContainerItemProxy;
			containerPortal = 06F64819149E4ADA0047E294 /* Project object */;
			proxyType = 1;
			remoteGlobalIDString = 06F64821149E4ADB0047E294;
			remoteInfo = "Password Keep";
		};
/* End PBXContainerItemProxy section */

/* Begin PBXFileReference section */
		0618A172149E4B4F0084884E /* mainboard.storyboard */ = {isa = PBXFileReference; fileEncoding = 4; lastKnownFileType = file.storyboard; path = mainboard.storyboard; sourceTree = "<group>"; };
		0618A17C149E4DC50084884E /* PasswordkeepListController.h */ = {isa = PBXFileReference; fileEncoding = 4; lastKnownFileType = sourcecode.c.h; path = PasswordkeepListController.h; sourceTree = "<group>"; };
		0618A17D149E4DC50084884E /* PasswordkeepListController.m */ = {isa = PBXFileReference; fileEncoding = 4; lastKnownFileType = sourcecode.c.objc; path = PasswordkeepListController.m; sourceTree = "<group>"; };
		0625822714A6370800189952 /* PasswordManager.h */ = {isa = PBXFileReference; fileEncoding = 4; lastKnownFileType = sourcecode.c.h; path = PasswordManager.h; sourceTree = "<group>"; };
		0625822814A6370800189952 /* PasswordManager.m */ = {isa = PBXFileReference; fileEncoding = 4; lastKnownFileType = sourcecode.c.objc; path = PasswordManager.m; sourceTree = "<group>"; };
		0625822A14A6655D00189952 /* PasswordObject.h */ = {isa = PBXFileReference; fileEncoding = 4; lastKnownFileType = sourcecode.c.h; path = PasswordObject.h; sourceTree = "<group>"; };
		0625822B14A6655D00189952 /* PasswordObject.m */ = {isa = PBXFileReference; fileEncoding = 4; lastKnownFileType = sourcecode.c.objc; path = PasswordObject.m; sourceTree = "<group>"; };
		06509A9E14AC4CDD000A13E4 /* SettingsDialog.h */ = {isa = PBXFileReference; fileEncoding = 4; lastKnownFileType = sourcecode.c.h; path = SettingsDialog.h; sourceTree = "<group>"; };
		06509A9F14AC4CDD000A13E4 /* SettingsDialog.m */ = {isa = PBXFileReference; fileEncoding = 4; lastKnownFileType = sourcecode.c.objc; path = SettingsDialog.m; sourceTree = "<group>"; };
		06509AA114AEE159000A13E4 /* SettingsObject.h */ = {isa = PBXFileReference; fileEncoding = 4; lastKnownFileType = sourcecode.c.h; path = SettingsObject.h; sourceTree = "<group>"; };
		06509AA214AEE159000A13E4 /* SettingsObject.m */ = {isa = PBXFileReference; fileEncoding = 4; lastKnownFileType = sourcecode.c.objc; path = SettingsObject.m; sourceTree = "<group>"; };
		06509AA414AFC3DA000A13E4 /* LoginObject.h */ = {isa = PBXFileReference; fileEncoding = 4; lastKnownFileType = sourcecode.c.h; path = LoginObject.h; sourceTree = "<group>"; };
		06509AA514AFC3DA000A13E4 /* LoginObject.m */ = {isa = PBXFileReference; fileEncoding = 4; lastKnownFileType = sourcecode.c.objc; path = LoginObject.m; sourceTree = "<group>"; };
		06509AA714B17538000A13E4 /* iAd.framework */ = {isa = PBXFileReference; lastKnownFileType = wrapper.framework; name = iAd.framework; path = System/Library/Frameworks/iAd.framework; sourceTree = SDKROOT; };
		065AE09F14A30D82001C7ABE /* QDPassword.h */ = {isa = PBXFileReference; fileEncoding = 4; lastKnownFileType = sourcecode.c.h; path = QDPassword.h; sourceTree = "<group>"; };
		065AE0A014A30D82001C7ABE /* QDPassword.m */ = {isa = PBXFileReference; fileEncoding = 4; lastKnownFileType = sourcecode.c.objc; path = QDPassword.m; sourceTree = "<group>"; };
		0697D43814B27F4300B2367B /* SafeFinal002.png */ = {isa = PBXFileReference; lastKnownFileType = image.png; name = SafeFinal002.png; path = ../SafeFinal002.png; sourceTree = "<group>"; };
		0697D43A14B27F7D00B2367B /* SafeFinal003.png */ = {isa = PBXFileReference; lastKnownFileType = image.png; name = SafeFinal003.png; path = ../SafeFinal003.png; sourceTree = "<group>"; };
		06DA0DAB14A308EC00118886 /* QuickDialog.xcodeproj */ = {isa = PBXFileReference; lastKnownFileType = "wrapper.pb-project"; name = QuickDialog.xcodeproj; path = QuickDialog/QuickDialog.xcodeproj; sourceTree = "<group>"; };
		06DA8EF014BDC56200D14D16 /* FlurryAnalytics.h */ = {isa = PBXFileReference; fileEncoding = 4; lastKnownFileType = sourcecode.c.h; path = FlurryAnalytics.h; sourceTree = "<group>"; };
		06DA8EF114BDC56200D14D16 /* libFlurryAnalytics.a */ = {isa = PBXFileReference; lastKnownFileType = archive.ar; path = libFlurryAnalytics.a; sourceTree = "<group>"; };
		06F64822149E4ADB0047E294 /* Password Keep.app */ = {isa = PBXFileReference; explicitFileType = wrapper.application; includeInIndex = 0; path = "Password Keep.app"; sourceTree = BUILT_PRODUCTS_DIR; };
		06F64826149E4ADB0047E294 /* UIKit.framework */ = {isa = PBXFileReference; lastKnownFileType = wrapper.framework; name = UIKit.framework; path = System/Library/Frameworks/UIKit.framework; sourceTree = SDKROOT; };
		06F64828149E4ADB0047E294 /* Foundation.framework */ = {isa = PBXFileReference; lastKnownFileType = wrapper.framework; name = Foundation.framework; path = System/Library/Frameworks/Foundation.framework; sourceTree = SDKROOT; };
		06F6482A149E4ADB0047E294 /* CoreGraphics.framework */ = {isa = PBXFileReference; lastKnownFileType = wrapper.framework; name = CoreGraphics.framework; path = System/Library/Frameworks/CoreGraphics.framework; sourceTree = SDKROOT; };
		06F6482C149E4ADB0047E294 /* CoreData.framework */ = {isa = PBXFileReference; lastKnownFileType = wrapper.framework; name = CoreData.framework; path = System/Library/Frameworks/CoreData.framework; sourceTree = SDKROOT; };
		06F64830149E4ADB0047E294 /* Password Keep-Info.plist */ = {isa = PBXFileReference; lastKnownFileType = text.plist.xml; path = "Password Keep-Info.plist"; sourceTree = "<group>"; };
		06F64832149E4ADB0047E294 /* en */ = {isa = PBXFileReference; lastKnownFileType = text.plist.strings; name = en; path = en.lproj/InfoPlist.strings; sourceTree = "<group>"; };
		06F64834149E4ADB0047E294 /* main.m */ = {isa = PBXFileReference; lastKnownFileType = sourcecode.c.objc; path = main.m; sourceTree = "<group>"; };
		06F64836149E4ADB0047E294 /* Password Keep-Prefix.pch */ = {isa = PBXFileReference; lastKnownFileType = sourcecode.c.h; path = "Password Keep-Prefix.pch"; sourceTree = "<group>"; };
		06F64837149E4ADB0047E294 /* AppDelegate.h */ = {isa = PBXFileReference; lastKnownFileType = sourcecode.c.h; path = AppDelegate.h; sourceTree = "<group>"; };
		06F64838149E4ADB0047E294 /* AppDelegate.m */ = {isa = PBXFileReference; lastKnownFileType = sourcecode.c.objc; path = AppDelegate.m; sourceTree = "<group>"; };
		06F6483B149E4ADB0047E294 /* Password_Keep.xcdatamodel */ = {isa = PBXFileReference; lastKnownFileType = wrapper.xcdatamodel; path = Password_Keep.xcdatamodel; sourceTree = "<group>"; };
		06F64842149E4ADB0047E294 /* Password KeepTests.octest */ = {isa = PBXFileReference; explicitFileType = wrapper.cfbundle; includeInIndex = 0; path = "Password KeepTests.octest"; sourceTree = BUILT_PRODUCTS_DIR; };
		06F64843149E4ADB0047E294 /* SenTestingKit.framework */ = {isa = PBXFileReference; lastKnownFileType = wrapper.framework; name = SenTestingKit.framework; path = Library/Frameworks/SenTestingKit.framework; sourceTree = DEVELOPER_DIR; };
		06F6484C149E4ADB0047E294 /* Password KeepTests-Info.plist */ = {isa = PBXFileReference; lastKnownFileType = text.plist.xml; path = "Password KeepTests-Info.plist"; sourceTree = "<group>"; };
		06F6484E149E4ADB0047E294 /* en */ = {isa = PBXFileReference; lastKnownFileType = text.plist.strings; name = en; path = en.lproj/InfoPlist.strings; sourceTree = "<group>"; };
		06F64850149E4ADB0047E294 /* Password_KeepTests.h */ = {isa = PBXFileReference; lastKnownFileType = sourcecode.c.h; path = Password_KeepTests.h; sourceTree = "<group>"; };
		06F64851149E4ADB0047E294 /* Password_KeepTests.m */ = {isa = PBXFileReference; lastKnownFileType = sourcecode.c.objc; path = Password_KeepTests.m; sourceTree = "<group>"; };
/* End PBXFileReference section */

/* Begin PBXFrameworksBuildPhase section */
		06F6481F149E4ADB0047E294 /* Frameworks */ = {
			isa = PBXFrameworksBuildPhase;
			buildActionMask = 2147483647;
			files = (
				06509AA814B17538000A13E4 /* iAd.framework in Frameworks */,
				06DA0DBB14A3091100118886 /* libQuickDialog.a in Frameworks */,
				06F64827149E4ADB0047E294 /* UIKit.framework in Frameworks */,
				06F64829149E4ADB0047E294 /* Foundation.framework in Frameworks */,
				06F6482B149E4ADB0047E294 /* CoreGraphics.framework in Frameworks */,
				06F6482D149E4ADB0047E294 /* CoreData.framework in Frameworks */,
				06DA8EF214BDC56300D14D16 /* libFlurryAnalytics.a in Frameworks */,
			);
			runOnlyForDeploymentPostprocessing = 0;
		};
		06F6483E149E4ADB0047E294 /* Frameworks */ = {
			isa = PBXFrameworksBuildPhase;
			buildActionMask = 2147483647;
			files = (
				06F64844149E4ADB0047E294 /* SenTestingKit.framework in Frameworks */,
				06F64845149E4ADB0047E294 /* UIKit.framework in Frameworks */,
				06F64846149E4ADB0047E294 /* Foundation.framework in Frameworks */,
				06F64847149E4ADB0047E294 /* CoreData.framework in Frameworks */,
			);
			runOnlyForDeploymentPostprocessing = 0;
		};
/* End PBXFrameworksBuildPhase section */

/* Begin PBXGroup section */
		067CFB3C14B31A1300192393 /* Images */ = {
			isa = PBXGroup;
			children = (
				0697D43A14B27F7D00B2367B /* SafeFinal003.png */,
				0697D43814B27F4300B2367B /* SafeFinal002.png */,
			);
			name = Images;
			sourceTree = "<group>";
		};
		06DA0DAC14A308EC00118886 /* Products */ = {
			isa = PBXGroup;
			children = (
				06DA0DB514A308EC00118886 /* QuickDialogExample.app */,
				06DA0DB714A308EC00118886 /* libQuickDialog.a */,
			);
			name = Products;
			sourceTree = "<group>";
		};
		06DA8EEF14BDC56200D14D16 /* FlurryAnalytics */ = {
			isa = PBXGroup;
			children = (
				06DA8EF014BDC56200D14D16 /* FlurryAnalytics.h */,
				06DA8EF114BDC56200D14D16 /* libFlurryAnalytics.a */,
			);
			path = FlurryAnalytics;
			sourceTree = "<group>";
		};
		06F64817149E4ADA0047E294 = {
			isa = PBXGroup;
			children = (
				06509AA714B17538000A13E4 /* iAd.framework */,
				06DA0DAB14A308EC00118886 /* QuickDialog.xcodeproj */,
				06F6482E149E4ADB0047E294 /* Password Keep */,
				06F6484A149E4ADB0047E294 /* Password KeepTests */,
				06F64825149E4ADB0047E294 /* Frameworks */,
				06F64823149E4ADB0047E294 /* Products */,
			);
			sourceTree = "<group>";
		};
		06F64823149E4ADB0047E294 /* Products */ = {
			isa = PBXGroup;
			children = (
				06F64822149E4ADB0047E294 /* Password Keep.app */,
				06F64842149E4ADB0047E294 /* Password KeepTests.octest */,
			);
			name = Products;
			sourceTree = "<group>";
		};
		06F64825149E4ADB0047E294 /* Frameworks */ = {
			isa = PBXGroup;
			children = (
				06F64826149E4ADB0047E294 /* UIKit.framework */,
				06F64828149E4ADB0047E294 /* Foundation.framework */,
				06F6482A149E4ADB0047E294 /* CoreGraphics.framework */,
				06F6482C149E4ADB0047E294 /* CoreData.framework */,
				06F64843149E4ADB0047E294 /* SenTestingKit.framework */,
			);
			name = Frameworks;
			sourceTree = "<group>";
		};
		06F6482E149E4ADB0047E294 /* Password Keep */ = {
			isa = PBXGroup;
			children = (
				06DA8EEF14BDC56200D14D16 /* FlurryAnalytics */,
				067CFB3C14B31A1300192393 /* Images */,
				06F64837149E4ADB0047E294 /* AppDelegate.h */,
				06F64838149E4ADB0047E294 /* AppDelegate.m */,
				06F6483A149E4ADB0047E294 /* Password_Keep.xcdatamodeld */,
				06F6482F149E4ADB0047E294 /* Supporting Files */,
				0618A172149E4B4F0084884E /* mainboard.storyboard */,
				0618A17C149E4DC50084884E /* PasswordkeepListController.h */,
				0618A17D149E4DC50084884E /* PasswordkeepListController.m */,
				065AE09F14A30D82001C7ABE /* QDPassword.h */,
				065AE0A014A30D82001C7ABE /* QDPassword.m */,
				0625822714A6370800189952 /* PasswordManager.h */,
				0625822814A6370800189952 /* PasswordManager.m */,
				0625822A14A6655D00189952 /* PasswordObject.h */,
				0625822B14A6655D00189952 /* PasswordObject.m */,
				06509A9E14AC4CDD000A13E4 /* SettingsDialog.h */,
				06509A9F14AC4CDD000A13E4 /* SettingsDialog.m */,
				06509AA114AEE159000A13E4 /* SettingsObject.h */,
				06509AA214AEE159000A13E4 /* SettingsObject.m */,
				06509AA414AFC3DA000A13E4 /* LoginObject.h */,
				06509AA514AFC3DA000A13E4 /* LoginObject.m */,
			);
			path = "Password Keep";
			sourceTree = "<group>";
		};
		06F6482F149E4ADB0047E294 /* Supporting Files */ = {
			isa = PBXGroup;
			children = (
				06F64830149E4ADB0047E294 /* Password Keep-Info.plist */,
				06F64831149E4ADB0047E294 /* InfoPlist.strings */,
				06F64834149E4ADB0047E294 /* main.m */,
				06F64836149E4ADB0047E294 /* Password Keep-Prefix.pch */,
			);
			name = "Supporting Files";
			sourceTree = "<group>";
		};
		06F6484A149E4ADB0047E294 /* Password KeepTests */ = {
			isa = PBXGroup;
			children = (
				06F64850149E4ADB0047E294 /* Password_KeepTests.h */,
				06F64851149E4ADB0047E294 /* Password_KeepTests.m */,
				06F6484B149E4ADB0047E294 /* Supporting Files */,
			);
			path = "Password KeepTests";
			sourceTree = "<group>";
		};
		06F6484B149E4ADB0047E294 /* Supporting Files */ = {
			isa = PBXGroup;
			children = (
				06F6484C149E4ADB0047E294 /* Password KeepTests-Info.plist */,
				06F6484D149E4ADB0047E294 /* InfoPlist.strings */,
			);
			name = "Supporting Files";
			sourceTree = "<group>";
		};
/* End PBXGroup section */

/* Begin PBXNativeTarget section */
		06F64821149E4ADB0047E294 /* Password Keep */ = {
			isa = PBXNativeTarget;
			buildConfigurationList = 06F64855149E4ADB0047E294 /* Build configuration list for PBXNativeTarget "Password Keep" */;
			buildPhases = (
				06F6481E149E4ADB0047E294 /* Sources */,
				06F6481F149E4ADB0047E294 /* Frameworks */,
				06F64820149E4ADB0047E294 /* Resources */,
			);
			buildRules = (
			);
			dependencies = (
				06DA0DBA14A3090500118886 /* PBXTargetDependency */,
			);
			name = "Password Keep";
			productName = "Password Keep";
			productReference = 06F64822149E4ADB0047E294 /* Password Keep.app */;
			productType = "com.apple.product-type.application";
		};
		06F64841149E4ADB0047E294 /* Password KeepTests */ = {
			isa = PBXNativeTarget;
			buildConfigurationList = 06F64858149E4ADB0047E294 /* Build configuration list for PBXNativeTarget "Password KeepTests" */;
			buildPhases = (
				06F6483D149E4ADB0047E294 /* Sources */,
				06F6483E149E4ADB0047E294 /* Frameworks */,
				06F6483F149E4ADB0047E294 /* Resources */,
				06F64840149E4ADB0047E294 /* ShellScript */,
			);
			buildRules = (
			);
			dependencies = (
				06F64849149E4ADB0047E294 /* PBXTargetDependency */,
			);
			name = "Password KeepTests";
			productName = "Password KeepTests";
			productReference = 06F64842149E4ADB0047E294 /* Password KeepTests.octest */;
			productType = "com.apple.product-type.bundle";
		};
/* End PBXNativeTarget section */

/* Begin PBXProject section */
		06F64819149E4ADA0047E294 /* Project object */ = {
			isa = PBXProject;
			attributes = {
				LastUpgradeCheck = 0420;
			};
			buildConfigurationList = 06F6481C149E4ADA0047E294 /* Build configuration list for PBXProject "Password Keep" */;
			compatibilityVersion = "Xcode 3.2";
			developmentRegion = English;
			hasScannedForEncodings = 0;
			knownRegions = (
				en,
			);
			mainGroup = 06F64817149E4ADA0047E294;
			productRefGroup = 06F64823149E4ADB0047E294 /* Products */;
			projectDirPath = "";
			projectReferences = (
				{
					ProductGroup = 06DA0DAC14A308EC00118886 /* Products */;
					ProjectRef = 06DA0DAB14A308EC00118886 /* QuickDialog.xcodeproj */;
				},
			);
			projectRoot = "";
			targets = (
				06F64821149E4ADB0047E294 /* Password Keep */,
				06F64841149E4ADB0047E294 /* Password KeepTests */,
			);
		};
/* End PBXProject section */

/* Begin PBXReferenceProxy section */
		06DA0DB514A308EC00118886 /* QuickDialogExample.app */ = {
			isa = PBXReferenceProxy;
			fileType = wrapper.application;
			path = QuickDialogExample.app;
			remoteRef = 06DA0DB414A308EC00118886 /* PBXContainerItemProxy */;
			sourceTree = BUILT_PRODUCTS_DIR;
		};
		06DA0DB714A308EC00118886 /* libQuickDialog.a */ = {
			isa = PBXReferenceProxy;
			fileType = archive.ar;
			path = libQuickDialog.a;
			remoteRef = 06DA0DB614A308EC00118886 /* PBXContainerItemProxy */;
			sourceTree = BUILT_PRODUCTS_DIR;
		};
/* End PBXReferenceProxy section */

/* Begin PBXResourcesBuildPhase section */
		06F64820149E4ADB0047E294 /* Resources */ = {
			isa = PBXResourcesBuildPhase;
			buildActionMask = 2147483647;
			files = (
				06F64833149E4ADB0047E294 /* InfoPlist.strings in Resources */,
				0618A173149E4B4F0084884E /* mainboard.storyboard in Resources */,
				0697D43914B27F4300B2367B /* SafeFinal002.png in Resources */,
				0697D43B14B27F7D00B2367B /* SafeFinal003.png in Resources */,
			);
			runOnlyForDeploymentPostprocessing = 0;
		};
		06F6483F149E4ADB0047E294 /* Resources */ = {
			isa = PBXResourcesBuildPhase;
			buildActionMask = 2147483647;
			files = (
				06F6484F149E4ADB0047E294 /* InfoPlist.strings in Resources */,
			);
			runOnlyForDeploymentPostprocessing = 0;
		};
/* End PBXResourcesBuildPhase section */

/* Begin PBXShellScriptBuildPhase section */
		06F64840149E4ADB0047E294 /* ShellScript */ = {
			isa = PBXShellScriptBuildPhase;
			buildActionMask = 2147483647;
			files = (
			);
			inputPaths = (
			);
			outputPaths = (
			);
			runOnlyForDeploymentPostprocessing = 0;
			shellPath = /bin/sh;
			shellScript = "# Run the unit tests in this test bundle.\n\"${SYSTEM_DEVELOPER_DIR}/Tools/RunUnitTests\"\n";
		};
/* End PBXShellScriptBuildPhase section */

/* Begin PBXSourcesBuildPhase section */
		06F6481E149E4ADB0047E294 /* Sources */ = {
			isa = PBXSourcesBuildPhase;
			buildActionMask = 2147483647;
			files = (
				06F64835149E4ADB0047E294 /* main.m in Sources */,
				06F64839149E4ADB0047E294 /* AppDelegate.m in Sources */,
				06F6483C149E4ADB0047E294 /* Password_Keep.xcdatamodeld in Sources */,
				0618A17E149E4DC50084884E /* PasswordkeepListController.m in Sources */,
				065AE0A114A30D82001C7ABE /* QDPassword.m in Sources */,
				0625822914A6370800189952 /* PasswordManager.m in Sources */,
				0625822C14A6655D00189952 /* PasswordObject.m in Sources */,
				06509AA014AC4CDD000A13E4 /* SettingsDialog.m in Sources */,
				06509AA314AEE159000A13E4 /* SettingsObject.m in Sources */,
				06509AA614AFC3DA000A13E4 /* LoginObject.m in Sources */,
			);
			runOnlyForDeploymentPostprocessing = 0;
		};
		06F6483D149E4ADB0047E294 /* Sources */ = {
			isa = PBXSourcesBuildPhase;
			buildActionMask = 2147483647;
			files = (
				06F64852149E4ADB0047E294 /* Password_KeepTests.m in Sources */,
			);
			runOnlyForDeploymentPostprocessing = 0;
		};
/* End PBXSourcesBuildPhase section */

/* Begin PBXTargetDependency section */
		06DA0DBA14A3090500118886 /* PBXTargetDependency */ = {
			isa = PBXTargetDependency;
			name = QuickDialog;
			targetProxy = 06DA0DB914A3090500118886 /* PBXContainerItemProxy */;
		};
		06F64849149E4ADB0047E294 /* PBXTargetDependency */ = {
			isa = PBXTargetDependency;
			target = 06F64821149E4ADB0047E294 /* Password Keep */;
			targetProxy = 06F64848149E4ADB0047E294 /* PBXContainerItemProxy */;
		};
/* End PBXTargetDependency section */

/* Begin PBXVariantGroup section */
		06F64831149E4ADB0047E294 /* InfoPlist.strings */ = {
			isa = PBXVariantGroup;
			children = (
				06F64832149E4ADB0047E294 /* en */,
			);
			name = InfoPlist.strings;
			sourceTree = "<group>";
		};
		06F6484D149E4ADB0047E294 /* InfoPlist.strings */ = {
			isa = PBXVariantGroup;
			children = (
				06F6484E149E4ADB0047E294 /* en */,
			);
			name = InfoPlist.strings;
			sourceTree = "<group>";
		};
/* End PBXVariantGroup section */

/* Begin XCBuildConfiguration section */
		06F64853149E4ADB0047E294 /* Debug */ = {
			isa = XCBuildConfiguration;
			buildSettings = {
				ALWAYS_SEARCH_USER_PATHS = YES;
				ARCHS = "$(ARCHS_STANDARD_32_BIT)";
				CLANG_ENABLE_OBJC_ARC = YES;
				"CODE_SIGN_IDENTITY[sdk=iphoneos*]" = "iPhone Developer";
				COPY_PHASE_STRIP = NO;
				GCC_C_LANGUAGE_STANDARD = gnu99;
				GCC_DYNAMIC_NO_PIC = NO;
				GCC_OPTIMIZATION_LEVEL = 0;
				GCC_PREPROCESSOR_DEFINITIONS = (
					"DEBUG=1",
					"$(inherited)",
				);
				GCC_SYMBOLS_PRIVATE_EXTERN = NO;
				GCC_VERSION = com.apple.compilers.llvm.clang.1_0;
				GCC_WARN_ABOUT_MISSING_PROTOTYPES = YES;
				GCC_WARN_ABOUT_RETURN_TYPE = YES;
				GCC_WARN_UNUSED_VARIABLE = YES;
				IPHONEOS_DEPLOYMENT_TARGET = 5.0;
				SDKROOT = iphoneos;
				SKIP_INSTALL = NO;
				TARGETED_DEVICE_FAMILY = "1,2";
				"USER_HEADER_SEARCH_PATHS[arch=*]" = "${PROJECT_DIR}/QuickDialog";
			};
			name = Debug;
		};
		06F64854149E4ADB0047E294 /* Release */ = {
			isa = XCBuildConfiguration;
			buildSettings = {
				ALWAYS_SEARCH_USER_PATHS = YES;
				ARCHS = "$(ARCHS_STANDARD_32_BIT)";
				CLANG_ENABLE_OBJC_ARC = YES;
				CODE_SIGN_IDENTITY = "iPhone Distribution: Sam Contapay";
				"CODE_SIGN_IDENTITY[sdk=iphoneos*]" = "iPhone Distribution";
				COPY_PHASE_STRIP = YES;
				GCC_C_LANGUAGE_STANDARD = gnu99;
				GCC_VERSION = com.apple.compilers.llvm.clang.1_0;
				GCC_WARN_ABOUT_MISSING_PROTOTYPES = YES;
				GCC_WARN_ABOUT_RETURN_TYPE = YES;
				GCC_WARN_UNUSED_VARIABLE = YES;
				IPHONEOS_DEPLOYMENT_TARGET = 5.0;
				OTHER_CFLAGS = "-DNS_BLOCK_ASSERTIONS=1";
				PROVISIONING_PROFILE = "A7128F6A-55BA-4A07-AB9D-E871494A5ABA";
				"PROVISIONING_PROFILE[sdk=iphoneos*]" = "";
				SDKROOT = iphoneos;
				SKIP_INSTALL = NO;
				TARGETED_DEVICE_FAMILY = "1,2";
				"USER_HEADER_SEARCH_PATHS[arch=*]" = "${PROJECT_DIR}/QuickDialog";
				VALIDATE_PRODUCT = YES;
			};
			name = Release;
		};
		06F64856149E4ADB0047E294 /* Debug */ = {
			isa = XCBuildConfiguration;
			buildSettings = {
				GCC_PRECOMPILE_PREFIX_HEADER = YES;
				GCC_PREFIX_HEADER = "Password Keep/Password Keep-Prefix.pch";
				INFOPLIST_FILE = "Password Keep/Password Keep-Info.plist";
				LIBRARY_SEARCH_PATHS = (
					"$(inherited)",
					"\"$(SRCROOT)/Password Keep/FlurryAnalytics\"",
				);
				PRODUCT_NAME = "$(TARGET_NAME)";
				TARGETED_DEVICE_FAMILY = 1;
				WRAPPER_EXTENSION = app;
			};
			name = Debug;
		};
		06F64857149E4ADB0047E294 /* Release */ = {
			isa = XCBuildConfiguration;
			buildSettings = {
				GCC_PRECOMPILE_PREFIX_HEADER = YES;
				GCC_PREFIX_HEADER = "Password Keep/Password Keep-Prefix.pch";
				INFOPLIST_FILE = "Password Keep/Password Keep-Info.plist";
				LIBRARY_SEARCH_PATHS = (
					"$(inherited)",
					"\"$(SRCROOT)/Password Keep/FlurryAnalytics\"",
				);
				PRODUCT_NAME = "$(TARGET_NAME)";
				TARGETED_DEVICE_FAMILY = 1;
				WRAPPER_EXTENSION = app;
			};
			name = Release;
		};
		06F64859149E4ADB0047E294 /* Debug */ = {
			isa = XCBuildConfiguration;
			buildSettings = {
				BUNDLE_LOADER = "$(BUILT_PRODUCTS_DIR)/Password Keep.app/Password Keep";
				FRAMEWORK_SEARCH_PATHS = (
					"$(SDKROOT)/Developer/Library/Frameworks",
					"$(DEVELOPER_LIBRARY_DIR)/Frameworks",
				);
				GCC_PRECOMPILE_PREFIX_HEADER = YES;
				GCC_PREFIX_HEADER = "Password Keep/Password Keep-Prefix.pch";
				INFOPLIST_FILE = "Password KeepTests/Password KeepTests-Info.plist";
				PRODUCT_NAME = "$(TARGET_NAME)";
				TEST_HOST = "$(BUNDLE_LOADER)";
				WRAPPER_EXTENSION = octest;
			};
			name = Debug;
		};
		06F6485A149E4ADB0047E294 /* Release */ = {
			isa = XCBuildConfiguration;
			buildSettings = {
				BUNDLE_LOADER = "$(BUILT_PRODUCTS_DIR)/Password Keep.app/Password Keep";
				FRAMEWORK_SEARCH_PATHS = (
					"$(SDKROOT)/Developer/Library/Frameworks",
					"$(DEVELOPER_LIBRARY_DIR)/Frameworks",
				);
				GCC_PRECOMPILE_PREFIX_HEADER = YES;
				GCC_PREFIX_HEADER = "Password Keep/Password Keep-Prefix.pch";
				INFOPLIST_FILE = "Password KeepTests/Password KeepTests-Info.plist";
				PRODUCT_NAME = "$(TARGET_NAME)";
				TEST_HOST = "$(BUNDLE_LOADER)";
				WRAPPER_EXTENSION = octest;
			};
			name = Release;
		};
/* End XCBuildConfiguration section */

/* Begin XCConfigurationList section */
		06F6481C149E4ADA0047E294 /* Build configuration list for PBXProject "Password Keep" */ = {
			isa = XCConfigurationList;
			buildConfigurations = (
				06F64853149E4ADB0047E294 /* Debug */,
				06F64854149E4ADB0047E294 /* Release */,
			);
			defaultConfigurationIsVisible = 0;
			defaultConfigurationName = Release;
		};
		06F64855149E4ADB0047E294 /* Build configuration list for PBXNativeTarget "Password Keep" */ = {
			isa = XCConfigurationList;
			buildConfigurations = (
				06F64856149E4ADB0047E294 /* Debug */,
				06F64857149E4ADB0047E294 /* Release */,
			);
			defaultConfigurationIsVisible = 0;
			defaultConfigurationName = Release;
		};
		06F64858149E4ADB0047E294 /* Build configuration list for PBXNativeTarget "Password KeepTests" */ = {
			isa = XCConfigurationList;
			buildConfigurations = (
				06F64859149E4ADB0047E294 /* Debug */,
				06F6485A149E4ADB0047E294 /* Release */,
			);
			defaultConfigurationIsVisible = 0;
			defaultConfigurationName = Release;
		};
/* End XCConfigurationList section */

/* Begin XCVersionGroup section */
		06F6483A149E4ADB0047E294 /* Password_Keep.xcdatamodeld */ = {
			isa = XCVersionGroup;
			children = (
				06F6483B149E4ADB0047E294 /* Password_Keep.xcdatamodel */,
			);
			currentVersion = 06F6483B149E4ADB0047E294 /* Password_Keep.xcdatamodel */;
			path = Password_Keep.xcdatamodeld;
			sourceTree = "<group>";
			versionGroupType = wrapper.xcdatamodel;
		};
/* End XCVersionGroup section */
	};
	rootObject = 06F64819149E4ADA0047E294 /* Project object */;
}
